
Microsoft Visual Studio Solution File, Format Version 12.00
# Visual Studio 2012
Project("{8BC9CEB8-8B4A-11D0-8D11-00A0C91BC942}") = "max_heapsort", "max_heapsort\max_heapsort.vcxproj", "{558FB72C-1FAC-4D4F-830C-2DDBB6F01DDC}"
EndProject
Global
	GlobalSection(SolutionConfigurationPlatforms) = preSolution
		Debug|Win32 = Debug|Win32
		Release|Win32 = Release|Win32
	EndGlobalSection
	GlobalSection(ProjectConfigurationPlatforms) = postSolution
		{558FB72C-1FAC-4D4F-830C-2DDBB6F01DDC}.Debug|Win32.ActiveCfg = Debug|Win32
		{558FB72C-1FAC-4D4F-830C-2DDBB6F01DDC}.Debug|Win32.Build.0 = Debug|Win32
		{558FB72C-1FAC-4D4F-830C-2DDBB6F01DDC}.Release|Win32.ActiveCfg = Release|Win32
		{558FB72C-1FAC-4D4F-830C-2DDBB6F01DDC}.Release|Win32.Build.0 = Release|Win32
	EndGlobalSection
	GlobalSection(SolutionProperties) = preSolution
		HideSolutionNode = FALSE
	EndGlobalSection
EndGlobal
